
Microsoft Visual Studio Solution File, Format Version 12.00
# Visual Studio Version 17
VisualStudioVersion = 17.3.32929.385
MinimumVisualStudioVersion = 10.0.40219.1
Project("{FAE04EC0-301F-11D3-BF4B-00C04F79EFBC}") = "SyncDelegateReview", "Troelson\SyncDelegateReview.csproj", "{20536C8C-FD5C-42F1-8526-41E497DE1611}"
EndProject
Global
	GlobalSection(SolutionConfigurationPlatforms) = preSolution
		Debug|Any CPU = Debug|Any CPU
		Release|Any CPU = Release|Any CPU
	EndGlobalSection
	GlobalSection(ProjectConfigurationPlatforms) = postSolution
		{20536C8C-FD5C-42F1-8526-41E497DE1611}.Debug|Any CPU.ActiveCfg = Debug|Any CPU
		{20536C8C-FD5C-42F1-8526-41E497DE1611}.Debug|Any CPU.Build.0 = Debug|Any CPU
		{20536C8C-FD5C-42F1-8526-41E497DE1611}.Release|Any CPU.ActiveCfg = Release|Any CPU
		{20536C8C-FD5C-42F1-8526-41E497DE1611}.Release|Any CPU.Build.0 = Release|Any CPU
	EndGlobalSection
	GlobalSection(SolutionProperties) = preSolution
		HideSolutionNode = FALSE
	EndGlobalSection
	GlobalSection(ExtensibilityGlobals) = postSolution
		SolutionGuid = {D3588E5D-CE44-4E52-BFE6-BDCD22868F4C}
	EndGlobalSection
EndGlobal
